
Microsoft Visual Studio Solution File, Format Version 12.00
# Visual Studio Version 17
VisualStudioVersion = 17.6.33723.286
MinimumVisualStudioVersion = 10.0.40219.1
Project("{FAE04EC0-301F-11D3-BF4B-00C04F79EFBC}") = "NeuralNetwork", "NeuralNetwork\NeuralNetwork.csproj", "{1B513876-712C-4699-94A0-6F199CE38BD2}"
EndProject
Project("{FAE04EC0-301F-11D3-BF4B-00C04F79EFBC}") = "ConsoleApp", "ConsoleApp\ConsoleApp.csproj", "{7488B34B-6516-4306-95F0-5A49E1425701}"
EndProject
Project("{FAE04EC0-301F-11D3-BF4B-00C04F79EFBC}") = "WindowsFormsApp", "WindowsFormsApp\WindowsFormsApp.csproj", "{1CFFC156-9345-4863-A235-0F31056E21A1}"
EndProject
Project("{FAE04EC0-301F-11D3-BF4B-00C04F79EFBC}") = "RobotBrain", "RobotBrain\RobotBrain.csproj", "{97D95F0B-C51A-476A-A663-CC139CF23A32}"
EndProject
Project("{FAE04EC0-301F-11D3-BF4B-00C04F79EFBC}") = "GameEngine", "GameEngine\GameEngine.csproj", "{B0A8D465-950D-4B31-BB86-7B1B49973B19}"
EndProject
Project("{FAE04EC0-301F-11D3-BF4B-00C04F79EFBC}") = "GameRunner", "GameRunner\GameRunner.csproj", "{EAF7DA59-B577-4AA4-A771-51F5963C8840}"
EndProject
Global
	GlobalSection(SolutionConfigurationPlatforms) = preSolution
		Debug|Any CPU = Debug|Any CPU
		Release|Any CPU = Release|Any CPU
	EndGlobalSection
	GlobalSection(ProjectConfigurationPlatforms) = postSolution
		{1B513876-712C-4699-94A0-6F199CE38BD2}.Debug|Any CPU.ActiveCfg = Debug|Any CPU
		{1B513876-712C-4699-94A0-6F199CE38BD2}.Debug|Any CPU.Build.0 = Debug|Any CPU
		{1B513876-712C-4699-94A0-6F199CE38BD2}.Release|Any CPU.ActiveCfg = Release|Any CPU
		{1B513876-712C-4699-94A0-6F199CE38BD2}.Release|Any CPU.Build.0 = Release|Any CPU
		{7488B34B-6516-4306-95F0-5A49E1425701}.Debug|Any CPU.ActiveCfg = Debug|Any CPU
		{7488B34B-6516-4306-95F0-5A49E1425701}.Debug|Any CPU.Build.0 = Debug|Any CPU
		{7488B34B-6516-4306-95F0-5A49E1425701}.Release|Any CPU.ActiveCfg = Release|Any CPU
		{7488B34B-6516-4306-95F0-5A49E1425701}.Release|Any CPU.Build.0 = Release|Any CPU
		{1CFFC156-9345-4863-A235-0F31056E21A1}.Debug|Any CPU.ActiveCfg = Debug|Any CPU
		{1CFFC156-9345-4863-A235-0F31056E21A1}.Debug|Any CPU.Build.0 = Debug|Any CPU
		{1CFFC156-9345-4863-A235-0F31056E21A1}.Release|Any CPU.ActiveCfg = Release|Any CPU
		{1CFFC156-9345-4863-A235-0F31056E21A1}.Release|Any CPU.Build.0 = Release|Any CPU
		{97D95F0B-C51A-476A-A663-CC139CF23A32}.Debug|Any CPU.ActiveCfg = Debug|Any CPU
		{97D95F0B-C51A-476A-A663-CC139CF23A32}.Debug|Any CPU.Build.0 = Debug|Any CPU
		{97D95F0B-C51A-476A-A663-CC139CF23A32}.Release|Any CPU.ActiveCfg = Release|Any CPU
		{97D95F0B-C51A-476A-A663-CC139CF23A32}.Release|Any CPU.Build.0 = Release|Any CPU
		{B0A8D465-950D-4B31-BB86-7B1B49973B19}.Debug|Any CPU.ActiveCfg = Debug|Any CPU
		{B0A8D465-950D-4B31-BB86-7B1B49973B19}.Debug|Any CPU.Build.0 = Debug|Any CPU
		{B0A8D465-950D-4B31-BB86-7B1B49973B19}.Release|Any CPU.ActiveCfg = Release|Any CPU
		{B0A8D465-950D-4B31-BB86-7B1B49973B19}.Release|Any CPU.Build.0 = Release|Any CPU
		{EAF7DA59-B577-4AA4-A771-51F5963C8840}.Debug|Any CPU.ActiveCfg = Debug|Any CPU
		{EAF7DA59-B577-4AA4-A771-51F5963C8840}.Debug|Any CPU.Build.0 = Debug|Any CPU
		{EAF7DA59-B577-4AA4-A771-51F5963C8840}.Release|Any CPU.ActiveCfg = Release|Any CPU
		{EAF7DA59-B577-4AA4-A771-51F5963C8840}.Release|Any CPU.Build.0 = Release|Any CPU
	EndGlobalSection
	GlobalSection(SolutionProperties) = preSolution
		HideSolutionNode = FALSE
	EndGlobalSection
	GlobalSection(ExtensibilityGlobals) = postSolution
		SolutionGuid = {9FC6E59E-8AAF-4C1E-9019-CC2382EC266A}
	EndGlobalSection
EndGlobal
